
Microsoft Visual Studio Solution File, Format Version 12.00
# Visual Studio Version 17
VisualStudioVersion = 17.1.32104.313
MinimumVisualStudioVersion = 10.0.40219.1
Project("{9A19103F-16F7-4668-BE54-9A1E7A4F7556}") = "ServitorBot", "ServitorBot\ServitorBot.csproj", "{B7F99E56-AC6A-4409-991F-5591182BC6AB}"
EndProject
Project("{9A19103F-16F7-4668-BE54-9A1E7A4F7556}") = "ServitorLauncher", "ServitorLauncher\ServitorLauncher.csproj", "{8F675310-24AE-40D6-906B-BCEF7950388D}"
EndProject
Project("{9A19103F-16F7-4668-BE54-9A1E7A4F7556}") = "BumperService", "ServitorServices\BumperService\BumperService.csproj", "{D0CA462F-3BDD-4EDA-BE58-CCCB942A4591}"
EndProject
Project("{9A19103F-16F7-4668-BE54-9A1E7A4F7556}") = "ActivityService", "ServitorServices\ActivityService\ActivityService.csproj", "{3A974C62-9B4E-4954-888C-D5FDC65C5902}"
EndProject
Project("{9A19103F-16F7-4668-BE54-9A1E7A4F7556}") = "MusicService", "ServitorServices\MusicService\MusicService.csproj", "{B387D3C1-ACB8-4E30-B08A-0FB2430C90B2}"
EndProject
Project("{9A19103F-16F7-4668-BE54-9A1E7A4F7556}") = "BumperDatabase", "DatabaseServices\BumperDatabase\BumperDatabase.csproj", "{9EB7F0F0-CA2D-4EDB-95E0-6DFDEF1A71CB}"
EndProject
Project("{9A19103F-16F7-4668-BE54-9A1E7A4F7556}") = "ActivityDatabase", "DatabaseServices\ActivityDatabase\ActivityDatabase.csproj", "{DE874B9F-A0BB-4325-A5F5-B89BEDC1602A}"
EndProject
Project("{9A19103F-16F7-4668-BE54-9A1E7A4F7556}") = "ClanActivitiesDatabase", "DatabaseServices\ClanActivitiesDatabase\ClanActivitiesDatabase.csproj", "{20D7A427-7366-459E-8025-294C0ADE082F}"
EndProject
Project("{9A19103F-16F7-4668-BE54-9A1E7A4F7556}") = "CommonData", "CommonData\CommonData.csproj", "{64FFD369-8627-4320-BB89-EF0DF75831F6}"
EndProject
Project("{9A19103F-16F7-4668-BE54-9A1E7A4F7556}") = "ClanActivitiesService", "ServitorServices\ClanActivitiesService\ClanActivitiesService.csproj", "{A339BF23-782A-4792-9F00-992FB7C6A86F}"
EndProject
Project("{9A19103F-16F7-4668-BE54-9A1E7A4F7556}") = "DestinyNotificationsService", "ServitorServices\DestinyNotificationsService\DestinyNotificationsService.csproj", "{7A3C232B-7770-4BD0-82A9-6C2814556B96}"
EndProject
Project("{9A19103F-16F7-4668-BE54-9A1E7A4F7556}") = "DestinyNotificationsDatabase", "DatabaseServices\DestinyNotificationsDatabase\DestinyNotificationsDatabase.csproj", "{A1997DFA-8245-4338-81DA-2FB4DF8ECFEC}"
EndProject
Global
	GlobalSection(SolutionConfigurationPlatforms) = preSolution
		Debug|Any CPU = Debug|Any CPU
		Release|Any CPU = Release|Any CPU
	EndGlobalSection
	GlobalSection(ProjectConfigurationPlatforms) = postSolution
		{B7F99E56-AC6A-4409-991F-5591182BC6AB}.Debug|Any CPU.ActiveCfg = Debug|Any CPU
		{B7F99E56-AC6A-4409-991F-5591182BC6AB}.Debug|Any CPU.Build.0 = Debug|Any CPU
		{B7F99E56-AC6A-4409-991F-5591182BC6AB}.Release|Any CPU.ActiveCfg = Release|Any CPU
		{B7F99E56-AC6A-4409-991F-5591182BC6AB}.Release|Any CPU.Build.0 = Release|Any CPU
		{8F675310-24AE-40D6-906B-BCEF7950388D}.Debug|Any CPU.ActiveCfg = Debug|Any CPU
		{8F675310-24AE-40D6-906B-BCEF7950388D}.Debug|Any CPU.Build.0 = Debug|Any CPU
		{8F675310-24AE-40D6-906B-BCEF7950388D}.Release|Any CPU.ActiveCfg = Release|Any CPU
		{8F675310-24AE-40D6-906B-BCEF7950388D}.Release|Any CPU.Build.0 = Release|Any CPU
		{D0CA462F-3BDD-4EDA-BE58-CCCB942A4591}.Debug|Any CPU.ActiveCfg = Debug|Any CPU
		{D0CA462F-3BDD-4EDA-BE58-CCCB942A4591}.Debug|Any CPU.Build.0 = Debug|Any CPU
		{D0CA462F-3BDD-4EDA-BE58-CCCB942A4591}.Release|Any CPU.ActiveCfg = Release|Any CPU
		{D0CA462F-3BDD-4EDA-BE58-CCCB942A4591}.Release|Any CPU.Build.0 = Release|Any CPU
		{3A974C62-9B4E-4954-888C-D5FDC65C5902}.Debug|Any CPU.ActiveCfg = Debug|Any CPU
		{3A974C62-9B4E-4954-888C-D5FDC65C5902}.Debug|Any CPU.Build.0 = Debug|Any CPU
		{3A974C62-9B4E-4954-888C-D5FDC65C5902}.Release|Any CPU.ActiveCfg = Release|Any CPU
		{3A974C62-9B4E-4954-888C-D5FDC65C5902}.Release|Any CPU.Build.0 = Release|Any CPU
		{B387D3C1-ACB8-4E30-B08A-0FB2430C90B2}.Debug|Any CPU.ActiveCfg = Debug|Any CPU
		{B387D3C1-ACB8-4E30-B08A-0FB2430C90B2}.Debug|Any CPU.Build.0 = Debug|Any CPU
		{B387D3C1-ACB8-4E30-B08A-0FB2430C90B2}.Release|Any CPU.ActiveCfg = Release|Any CPU
		{B387D3C1-ACB8-4E30-B08A-0FB2430C90B2}.Release|Any CPU.Build.0 = Release|Any CPU
		{9EB7F0F0-CA2D-4EDB-95E0-6DFDEF1A71CB}.Debug|Any CPU.ActiveCfg = Debug|Any CPU
		{9EB7F0F0-CA2D-4EDB-95E0-6DFDEF1A71CB}.Debug|Any CPU.Build.0 = Debug|Any CPU
		{9EB7F0F0-CA2D-4EDB-95E0-6DFDEF1A71CB}.Release|Any CPU.ActiveCfg = Release|Any CPU
		{9EB7F0F0-CA2D-4EDB-95E0-6DFDEF1A71CB}.Release|Any CPU.Build.0 = Release|Any CPU
		{DE874B9F-A0BB-4325-A5F5-B89BEDC1602A}.Debug|Any CPU.ActiveCfg = Debug|Any CPU
		{DE874B9F-A0BB-4325-A5F5-B89BEDC1602A}.Debug|Any CPU.Build.0 = Debug|Any CPU
		{DE874B9F-A0BB-4325-A5F5-B89BEDC1602A}.Release|Any CPU.ActiveCfg = Release|Any CPU
		{DE874B9F-A0BB-4325-A5F5-B89BEDC1602A}.Release|Any CPU.Build.0 = Release|Any CPU
		{20D7A427-7366-459E-8025-294C0ADE082F}.Debug|Any CPU.ActiveCfg = Debug|Any CPU
		{20D7A427-7366-459E-8025-294C0ADE082F}.Debug|Any CPU.Build.0 = Debug|Any CPU
		{20D7A427-7366-459E-8025-294C0ADE082F}.Release|Any CPU.ActiveCfg = Release|Any CPU
		{20D7A427-7366-459E-8025-294C0ADE082F}.Release|Any CPU.Build.0 = Release|Any CPU
		{64FFD369-8627-4320-BB89-EF0DF75831F6}.Debug|Any CPU.ActiveCfg = Debug|Any CPU
		{64FFD369-8627-4320-BB89-EF0DF75831F6}.Debug|Any CPU.Build.0 = Debug|Any CPU
		{64FFD369-8627-4320-BB89-EF0DF75831F6}.Release|Any CPU.ActiveCfg = Release|Any CPU
		{64FFD369-8627-4320-BB89-EF0DF75831F6}.Release|Any CPU.Build.0 = Release|Any CPU
		{A339BF23-782A-4792-9F00-992FB7C6A86F}.Debug|Any CPU.ActiveCfg = Debug|Any CPU
		{A339BF23-782A-4792-9F00-992FB7C6A86F}.Debug|Any CPU.Build.0 = Debug|Any CPU
		{A339BF23-782A-4792-9F00-992FB7C6A86F}.Release|Any CPU.ActiveCfg = Release|Any CPU
		{A339BF23-782A-4792-9F00-992FB7C6A86F}.Release|Any CPU.Build.0 = Release|Any CPU
		{7A3C232B-7770-4BD0-82A9-6C2814556B96}.Debug|Any CPU.ActiveCfg = Debug|Any CPU
		{7A3C232B-7770-4BD0-82A9-6C2814556B96}.Debug|Any CPU.Build.0 = Debug|Any CPU
		{7A3C232B-7770-4BD0-82A9-6C2814556B96}.Release|Any CPU.ActiveCfg = Release|Any CPU
		{7A3C232B-7770-4BD0-82A9-6C2814556B96}.Release|Any CPU.Build.0 = Release|Any CPU
		{A1997DFA-8245-4338-81DA-2FB4DF8ECFEC}.Debug|Any CPU.ActiveCfg = Debug|Any CPU
		{A1997DFA-8245-4338-81DA-2FB4DF8ECFEC}.Debug|Any CPU.Build.0 = Debug|Any CPU
		{A1997DFA-8245-4338-81DA-2FB4DF8ECFEC}.Release|Any CPU.ActiveCfg = Release|Any CPU
		{A1997DFA-8245-4338-81DA-2FB4DF8ECFEC}.Release|Any CPU.Build.0 = Release|Any CPU
	EndGlobalSection
	GlobalSection(SolutionProperties) = preSolution
		HideSolutionNode = FALSE
	EndGlobalSection
	GlobalSection(ExtensibilityGlobals) = postSolution
		SolutionGuid = {1FFB70AB-F551-4513-BD38-CC206CFF8D49}
	EndGlobalSection
EndGlobal
